// !$*UTF8*$!
{
	archiveVersion = 1;
	classes = {
	};
	objectVersion = 46;
	objects = {

/* Begin PBXBuildFile section */
		16B540B21E0F886800B7DCFD /* AppDelegate.swift in Sources */ = {isa = PBXBuildFile; fileRef = 16B540B11E0F886800B7DCFD /* AppDelegate.swift */; };
		16B540B41E0F886800B7DCFD /* ViewController.swift in Sources */ = {isa = PBXBuildFile; fileRef = 16B540B31E0F886800B7DCFD /* ViewController.swift */; };
		16B540B71E0F886800B7DCFD /* Main.storyboard in Resources */ = {isa = PBXBuildFile; fileRef = 16B540B51E0F886800B7DCFD /* Main.storyboard */; };
		16B540B91E0F886800B7DCFD /* Assets.xcassets in Resources */ = {isa = PBXBuildFile; fileRef = 16B540B81E0F886800B7DCFD /* Assets.xcassets */; };
		16B540BC1E0F886800B7DCFD /* LaunchScreen.storyboard in Resources */ = {isa = PBXBuildFile; fileRef = 16B540BA1E0F886800B7DCFD /* LaunchScreen.storyboard */; };
		16B540C71E0F886800B7DCFD /* Downloading_Web_ContentTests.swift in Sources */ = {isa = PBXBuildFile; fileRef = 16B540C61E0F886800B7DCFD /* Downloading_Web_ContentTests.swift */; };
		16B540D21E0F886800B7DCFD /* Downloading_Web_ContentUITests.swift in Sources */ = {isa = PBXBuildFile; fileRef = 16B540D11E0F886800B7DCFD /* Downloading_Web_ContentUITests.swift */; };
/* End PBXBuildFile section */

/* Begin PBXContainerItemProxy section */
		16B540C31E0F886800B7DCFD /* PBXContainerItemProxy */ = {
			isa = PBXContainerItemProxy;
			containerPortal = 16B540A61E0F886800B7DCFD /* Project object */;
			proxyType = 1;
			remoteGlobalIDString = 16B540AD1E0F886800B7DCFD;
			remoteInfo = "Downloading Web Content";
		};
		16B540CE1E0F886800B7DCFD /* PBXContainerItemProxy */ = {
			isa = PBXContainerItemProxy;
			containerPortal = 16B540A61E0F886800B7DCFD /* Project object */;
			proxyType = 1;
			remoteGlobalIDString = 16B540AD1E0F886800B7DCFD;
			remoteInfo = "Downloading Web Content";
		};
/* End PBXContainerItemProxy section */

/* Begin PBXFileReference section */
		16B540AE1E0F886800B7DCFD /* Downloading Web Content.app */ = {isa = PBXFileReference; explicitFileType = wrapper.application; includeInIndex = 0; path = "Downloading Web Content.app"; sourceTree = BUILT_PRODUCTS_DIR; };
		16B540B11E0F886800B7DCFD /* AppDelegate.swift */ = {isa = PBXFileReference; lastKnownFileType = sourcecode.swift; path = AppDelegate.swift; sourceTree = "<group>"; };
		16B540B31E0F886800B7DCFD /* ViewController.swift */ = {isa = PBXFileReference; lastKnownFileType = sourcecode.swift; path = ViewController.swift; sourceTree = "<group>"; };
		16B540B61E0F886800B7DCFD /* Base */ = {isa = PBXFileReference; lastKnownFileType = file.storyboard; name = Base; path = Base.lproj/Main.storyboard; sourceTree = "<group>"; };
		16B540B81E0F886800B7DCFD /* Assets.xcassets */ = {isa = PBXFileReference; lastKnownFileType = folder.assetcatalog; path = Assets.xcassets; sourceTree = "<group>"; };
		16B540BB1E0F886800B7DCFD /* Base */ = {isa = PBXFileReference; lastKnownFileType = file.storyboard; name = Base; path = Base.lproj/LaunchScreen.storyboard; sourceTree = "<group>"; };
		16B540BD1E0F886800B7DCFD /* Info.plist */ = {isa = PBXFileReference; lastKnownFileType = text.plist.xml; path = Info.plist; sourceTree = "<group>"; };
		16B540C21E0F886800B7DCFD /* Downloading Web ContentTests.xctest */ = {isa = PBXFileReference; explicitFileType = wrapper.cfbundle; includeInIndex = 0; path = "Downloading Web ContentTests.xctest"; sourceTree = BUILT_PRODUCTS_DIR; };
		16B540C61E0F886800B7DCFD /* Downloading_Web_ContentTests.swift */ = {isa = PBXFileReference; lastKnownFileType = sourcecode.swift; path = Downloading_Web_ContentTests.swift; sourceTree = "<group>"; };
		16B540C81E0F886800B7DCFD /* Info.plist */ = {isa = PBXFileReference; lastKnownFileType = text.plist.xml; path = Info.plist; sourceTree = "<group>"; };
		16B540CD1E0F886800B7DCFD /* Downloading Web ContentUITests.xctest */ = {isa = PBXFileReference; explicitFileType = wrapper.cfbundle; includeInIndex = 0; path = "Downloading Web ContentUITests.xctest"; sourceTree = BUILT_PRODUCTS_DIR; };
		16B540D11E0F886800B7DCFD /* Downloading_Web_ContentUITests.swift */ = {isa = PBXFileReference; lastKnownFileType = sourcecode.swift; path = Downloading_Web_ContentUITests.swift; sourceTree = "<group>"; };
		16B540D31E0F886800B7DCFD /* Info.plist */ = {isa = PBXFileReference; lastKnownFileType = text.plist.xml; path = Info.plist; sourceTree = "<group>"; };
/* End PBXFileReference section */

/* Begin PBXFrameworksBuildPhase section */
		16B540AB1E0F886800B7DCFD /* Frameworks */ = {
			isa = PBXFrameworksBuildPhase;
			buildActionMask = 2147483647;
			files = (
			);
			runOnlyForDeploymentPostprocessing = 0;
		};
		16B540BF1E0F886800B7DCFD /* Frameworks */ = {
			isa = PBXFrameworksBuildPhase;
			buildActionMask = 2147483647;
			files = (
			);
			runOnlyForDeploymentPostprocessing = 0;
		};
		16B540CA1E0F886800B7DCFD /* Frameworks */ = {
			isa = PBXFrameworksBuildPhase;
			buildActionMask = 2147483647;
			files = (
			);
			runOnlyForDeploymentPostprocessing = 0;
		};
/* End PBXFrameworksBuildPhase section */

/* Begin PBXGroup section */
		16B540A51E0F886800B7DCFD = {
			isa = PBXGroup;
			children = (
				16B540B01E0F886800B7DCFD /* Downloading Web Content */,
				16B540C51E0F886800B7DCFD /* Downloading Web ContentTests */,
				16B540D01E0F886800B7DCFD /* Downloading Web ContentUITests */,
				16B540AF1E0F886800B7DCFD /* Products */,
			);
			sourceTree = "<group>";
		};
		16B540AF1E0F886800B7DCFD /* Products */ = {
			isa = PBXGroup;
			children = (
				16B540AE1E0F886800B7DCFD /* Downloading Web Content.app */,
				16B540C21E0F886800B7DCFD /* Downloading Web ContentTests.xctest */,
				16B540CD1E0F886800B7DCFD /* Downloading Web ContentUITests.xctest */,
			);
			name = Products;
			sourceTree = "<group>";
		};
		16B540B01E0F886800B7DCFD /* Downloading Web Content */ = {
			isa = PBXGroup;
			children = (
				16B540B11E0F886800B7DCFD /* AppDelegate.swift */,
				16B540B31E0F886800B7DCFD /* ViewController.swift */,
				16B540DF1E1033F100B7DCFD /* New Group */,
				16B540B51E0F886800B7DCFD /* Main.storyboard */,
				16B540B81E0F886800B7DCFD /* Assets.xcassets */,
				16B540BA1E0F886800B7DCFD /* LaunchScreen.storyboard */,
				16B540BD1E0F886800B7DCFD /* Info.plist */,
			);
			path = "Downloading Web Content";
			sourceTree = "<group>";
		};
		16B540C51E0F886800B7DCFD /* Downloading Web ContentTests */ = {
			isa = PBXGroup;
			children = (
				16B540C61E0F886800B7DCFD /* Downloading_Web_ContentTests.swift */,
				16B540C81E0F886800B7DCFD /* Info.plist */,
			);
			path = "Downloading Web ContentTests";
			sourceTree = "<group>";
		};
		16B540D01E0F886800B7DCFD /* Downloading Web ContentUITests */ = {
			isa = PBXGroup;
			children = (
				16B540D11E0F886800B7DCFD /* Downloading_Web_ContentUITests.swift */,
				16B540D31E0F886800B7DCFD /* Info.plist */,
			);
			path = "Downloading Web ContentUITests";
			sourceTree = "<group>";
		};
		16B540DF1E1033F100B7DCFD /* New Group */ = {
			isa = PBXGroup;
			children = (
			);
			name = "New Group";
			sourceTree = "<group>";
		};
/* End PBXGroup section */

/* Begin PBXNativeTarget section */
		16B540AD1E0F886800B7DCFD /* Downloading Web Content */ = {
			isa = PBXNativeTarget;
			buildConfigurationList = 16B540D61E0F886800B7DCFD /* Build configuration list for PBXNativeTarget "Downloading Web Content" */;
			buildPhases = (
				16B540AA1E0F886800B7DCFD /* Sources */,
				16B540AB1E0F886800B7DCFD /* Frameworks */,
				16B540AC1E0F886800B7DCFD /* Resources */,
			);
			buildRules = (
			);
			dependencies = (
			);
			name = "Downloading Web Content";
			productName = "Downloading Web Content";
			productReference = 16B540AE1E0F886800B7DCFD /* Downloading Web Content.app */;
			productType = "com.apple.product-type.application";
		};
		16B540C11E0F886800B7DCFD /* Downloading Web ContentTests */ = {
			isa = PBXNativeTarget;
			buildConfigurationList = 16B540D91E0F886800B7DCFD /* Build configuration list for PBXNativeTarget "Downloading Web ContentTests" */;
			buildPhases = (
				16B540BE1E0F886800B7DCFD /* Sources */,
				16B540BF1E0F886800B7DCFD /* Frameworks */,
				16B540C01E0F886800B7DCFD /* Resources */,
			);
			buildRules = (
			);
			dependencies = (
				16B540C41E0F886800B7DCFD /* PBXTargetDependency */,
			);
			name = "Downloading Web ContentTests";
			productName = "Downloading Web ContentTests";
			productReference = 16B540C21E0F886800B7DCFD /* Downloading Web ContentTests.xctest */;
			productType = "com.apple.product-type.bundle.unit-test";
		};
		16B540CC1E0F886800B7DCFD /* Downloading Web ContentUITests */ = {
			isa = PBXNativeTarget;
			buildConfigurationList = 16B540DC1E0F886800B7DCFD /* Build configuration list for PBXNativeTarget "Downloading Web ContentUITests" */;
			buildPhases = (
				16B540C91E0F886800B7DCFD /* Sources */,
				16B540CA1E0F886800B7DCFD /* Frameworks */,
				16B540CB1E0F886800B7DCFD /* Resources */,
			);
			buildRules = (
			);
			dependencies = (
				16B540CF1E0F886800B7DCFD /* PBXTargetDependency */,
			);
			name = "Downloading Web ContentUITests";
			productName = "Downloading Web ContentUITests";
			productReference = 16B540CD1E0F886800B7DCFD /* Downloading Web ContentUITests.xctest */;
			productType = "com.apple.product-type.bundle.ui-testing";
		};
/* End PBXNativeTarget section */

/* Begin PBXProject section */
		16B540A61E0F886800B7DCFD /* Project object */ = {
			isa = PBXProject;
			attributes = {
				LastSwiftUpdateCheck = 0820;
				LastUpgradeCheck = 0820;
				ORGANIZATIONNAME = Accolade;
				TargetAttributes = {
					16B540AD1E0F886800B7DCFD = {
						CreatedOnToolsVersion = 8.2.1;
						ProvisioningStyle = Automatic;
					};
					16B540C11E0F886800B7DCFD = {
						CreatedOnToolsVersion = 8.2.1;
						ProvisioningStyle = Automatic;
						TestTargetID = 16B540AD1E0F886800B7DCFD;
					};
					16B540CC1E0F886800B7DCFD = {
						CreatedOnToolsVersion = 8.2.1;
						ProvisioningStyle = Automatic;
						TestTargetID = 16B540AD1E0F886800B7DCFD;
					};
				};
			};
			buildConfigurationList = 16B540A91E0F886800B7DCFD /* Build configuration list for PBXProject "Downloading Web Content" */;
			compatibilityVersion = "Xcode 3.2";
			developmentRegion = English;
			hasScannedForEncodings = 0;
			knownRegions = (
				en,
				Base,
			);
			mainGroup = 16B540A51E0F886800B7DCFD;
			productRefGroup = 16B540AF1E0F886800B7DCFD /* Products */;
			projectDirPath = "";
			projectRoot = "";
			targets = (
				16B540AD1E0F886800B7DCFD /* Downloading Web Content */,
				16B540C11E0F886800B7DCFD /* Downloading Web ContentTests */,
				16B540CC1E0F886800B7DCFD /* Downloading Web ContentUITests */,
			);
		};
/* End PBXProject section */

/* Begin PBXResourcesBuildPhase section */
		16B540AC1E0F886800B7DCFD /* Resources */ = {
			isa = PBXResourcesBuildPhase;
			buildActionMask = 2147483647;
			files = (
				16B540BC1E0F886800B7DCFD /* LaunchScreen.storyboard in Resources */,
				16B540B91E0F886800B7DCFD /* Assets.xcassets in Resources */,
				16B540B71E0F886800B7DCFD /* Main.storyboard in Resources */,
			);
			runOnlyForDeploymentPostprocessing = 0;
		};
		16B540C01E0F886800B7DCFD /* Resources */ = {
			isa = PBXResourcesBuildPhase;
			buildActionMask = 2147483647;
			files = (
			);
			runOnlyForDeploymentPostprocessing = 0;
		};
		16B540CB1E0F886800B7DCFD /* Resources */ = {
			isa = PBXResourcesBuildPhase;
			buildActionMask = 2147483647;
			files = (
			);
			runOnlyForDeploymentPostprocessing = 0;
		};
/* End PBXResourcesBuildPhase section */

/* Begin PBXSourcesBuildPhase section */
		16B540AA1E0F886800B7DCFD /* Sources */ = {
			isa = PBXSourcesBuildPhase;
			buildActionMask = 2147483647;
			files = (
				16B540B41E0F886800B7DCFD /* ViewController.swift in Sources */,
				16B540B21E0F886800B7DCFD /* AppDelegate.swift in Sources */,
			);
			runOnlyForDeploymentPostprocessing = 0;
		};
		16B540BE1E0F886800B7DCFD /* Sources */ = {
			isa = PBXSourcesBuildPhase;
			buildActionMask = 2147483647;
			files = (
				16B540C71E0F886800B7DCFD /* Downloading_Web_ContentTests.swift in Sources */,
			);
			runOnlyForDeploymentPostprocessing = 0;
		};
		16B540C91E0F886800B7DCFD /* Sources */ = {
			isa = PBXSourcesBuildPhase;
			buildActionMask = 2147483647;
			files = (
				16B540D21E0F886800B7DCFD /* Downloading_Web_ContentUITests.swift in Sources */,
			);
			runOnlyForDeploymentPostprocessing = 0;
		};
/* End PBXSourcesBuildPhase section */

/* Begin PBXTargetDependency section */
		16B540C41E0F886800B7DCFD /* PBXTargetDependency */ = {
			isa = PBXTargetDependency;
			target = 16B540AD1E0F886800B7DCFD /* Downloading Web Content */;
			targetProxy = 16B540C31E0F886800B7DCFD /* PBXContainerItemProxy */;
		};
		16B540CF1E0F886800B7DCFD /* PBXTargetDependency */ = {
			isa = PBXTargetDependency;
			target = 16B540AD1E0F886800B7DCFD /* Downloading Web Content */;
			targetProxy = 16B540CE1E0F886800B7DCFD /* PBXContainerItemProxy */;
		};
/* End PBXTargetDependency section */

/* Begin PBXVariantGroup section */
		16B540B51E0F886800B7DCFD /* Main.storyboard */ = {
			isa = PBXVariantGroup;
			children = (
				16B540B61E0F886800B7DCFD /* Base */,
			);
			name = Main.storyboard;
			sourceTree = "<group>";
		};
		16B540BA1E0F886800B7DCFD /* LaunchScreen.storyboard */ = {
			isa = PBXVariantGroup;
			children = (
				16B540BB1E0F886800B7DCFD /* Base */,
			);
			name = LaunchScreen.storyboard;
			sourceTree = "<group>";
		};
/* End PBXVariantGroup section */

/* Begin XCBuildConfiguration section */
		16B540D41E0F886800B7DCFD /* Debug */ = {
			isa = XCBuildConfiguration;
			buildSettings = {
				ALWAYS_SEARCH_USER_PATHS = NO;
				CLANG_ANALYZER_NONNULL = YES;
				CLANG_CXX_LANGUAGE_STANDARD = "gnu++0x";
				CLANG_CXX_LIBRARY = "libc++";
				CLANG_ENABLE_MODULES = YES;
				CLANG_ENABLE_OBJC_ARC = YES;
				CLANG_WARN_BOOL_CONVERSION = YES;
				CLANG_WARN_CONSTANT_CONVERSION = YES;
				CLANG_WARN_DIRECT_OBJC_ISA_USAGE = YES_ERROR;
				CLANG_WARN_DOCUMENTATION_COMMENTS = YES;
				CLANG_WARN_EMPTY_BODY = YES;
				CLANG_WARN_ENUM_CONVERSION = YES;
				CLANG_WARN_INFINITE_RECURSION = YES;
				CLANG_WARN_INT_CONVERSION = YES;
				CLANG_WARN_OBJC_ROOT_CLASS = YES_ERROR;
				CLANG_WARN_SUSPICIOUS_MOVE = YES;
				CLANG_WARN_UNREACHABLE_CODE = YES;
				CLANG_WARN__DUPLICATE_METHOD_MATCH = YES;
				"CODE_SIGN_IDENTITY[sdk=iphoneos*]" = "iPhone Developer";
				COPY_PHASE_STRIP = NO;
				DEBUG_INFORMATION_FORMAT = dwarf;
				ENABLE_STRICT_OBJC_MSGSEND = YES;
				ENABLE_TESTABILITY = YES;
				GCC_C_LANGUAGE_STANDARD = gnu99;
				GCC_DYNAMIC_NO_PIC = NO;
				GCC_NO_COMMON_BLOCKS = YES;
				GCC_OPTIMIZATION_LEVEL = 0;
				GCC_PREPROCESSOR_DEFINITIONS = (
					"DEBUG=1",
					"$(inherited)",
				);
				GCC_WARN_64_TO_32_BIT_CONVERSION = YES;
				GCC_WARN_ABOUT_RETURN_TYPE = YES_ERROR;
				GCC_WARN_UNDECLARED_SELECTOR = YES;
				GCC_WARN_UNINITIALIZED_AUTOS = YES_AGGRESSIVE;
				GCC_WARN_UNUSED_FUNCTION = YES;
				GCC_WARN_UNUSED_VARIABLE = YES;
				IPHONEOS_DEPLOYMENT_TARGET = 10.2;
				MTL_ENABLE_DEBUG_INFO = YES;
				ONLY_ACTIVE_ARCH = YES;
				SDKROOT = iphoneos;
				SWIFT_ACTIVE_COMPILATION_CONDITIONS = DEBUG;
				SWIFT_OPTIMIZATION_LEVEL = "-Onone";
			};
			name = Debug;
		};
		16B540D51E0F886800B7DCFD /* Release */ = {
			isa = XCBuildConfiguration;
			buildSettings = {
				ALWAYS_SEARCH_USER_PATHS = NO;
				CLANG_ANALYZER_NONNULL = YES;
				CLANG_CXX_LANGUAGE_STANDARD = "gnu++0x";
				CLANG_CXX_LIBRARY = "libc++";
				CLANG_ENABLE_MODULES = YES;
				CLANG_ENABLE_OBJC_ARC = YES;
				CLANG_WARN_BOOL_CONVERSION = YES;
				CLANG_WARN_CONSTANT_CONVERSION = YES;
				CLANG_WARN_DIRECT_OBJC_ISA_USAGE = YES_ERROR;
				CLANG_WARN_DOCUMENTATION_COMMENTS = YES;
				CLANG_WARN_EMPTY_BODY = YES;
				CLANG_WARN_ENUM_CONVERSION = YES;
				CLANG_WARN_INFINITE_RECURSION = YES;
				CLANG_WARN_INT_CONVERSION = YES;
				CLANG_WARN_OBJC_ROOT_CLASS = YES_ERROR;
				CLANG_WARN_SUSPICIOUS_MOVE = YES;
				CLANG_WARN_UNREACHABLE_CODE = YES;
				CLANG_WARN__DUPLICATE_METHOD_MATCH = YES;
				"CODE_SIGN_IDENTITY[sdk=iphoneos*]" = "iPhone Developer";
				COPY_PHASE_STRIP = NO;
				DEBUG_INFORMATION_FORMAT = "dwarf-with-dsym";
				ENABLE_NS_ASSERTIONS = NO;
				ENABLE_STRICT_OBJC_MSGSEND = YES;
				GCC_C_LANGUAGE_STANDARD = gnu99;
				GCC_NO_COMMON_BLOCKS = YES;
				GCC_WARN_64_TO_32_BIT_CONVERSION = YES;
				GCC_WARN_ABOUT_RETURN_TYPE = YES_ERROR;
				GCC_WARN_UNDECLARED_SELECTOR = YES;
				GCC_WARN_UNINITIALIZED_AUTOS = YES_AGGRESSIVE;
				GCC_WARN_UNUSED_FUNCTION = YES;
				GCC_WARN_UNUSED_VARIABLE = YES;
				IPHONEOS_DEPLOYMENT_TARGET = 10.2;
				MTL_ENABLE_DEBUG_INFO = NO;
				SDKROOT = iphoneos;
				SWIFT_OPTIMIZATION_LEVEL = "-Owholemodule";
				VALIDATE_PRODUCT = YES;
			};
			name = Release;
		};
		16B540D71E0F886800B7DCFD /* Debug */ = {
			isa = XCBuildConfiguration;
			buildSettings = {
				ASSETCATALOG_COMPILER_APPICON_NAME = AppIcon;
				INFOPLIST_FILE = "Downloading Web Content/Info.plist";
				LD_RUNPATH_SEARCH_PATHS = "$(inherited) @executable_path/Frameworks";
				PRODUCT_BUNDLE_IDENTIFIER = "site.accolade.Downloading-Web-Content";
				PRODUCT_NAME = "$(TARGET_NAME)";
				SWIFT_VERSION = 3.0;
			};
			name = Debug;
		};
		16B540D81E0F886800B7DCFD /* Release */ = {
			isa = XCBuildConfiguration;
			buildSettings = {
				ASSETCATALOG_COMPILER_APPICON_NAME = AppIcon;
				INFOPLIST_FILE = "Downloading Web Content/Info.plist";
				LD_RUNPATH_SEARCH_PATHS = "$(inherited) @executable_path/Frameworks";
				PRODUCT_BUNDLE_IDENTIFIER = "site.accolade.Downloading-Web-Content";
				PRODUCT_NAME = "$(TARGET_NAME)";
				SWIFT_VERSION = 3.0;
			};
			name = Release;
		};
		16B540DA1E0F886800B7DCFD /* Debug */ = {
			isa = XCBuildConfiguration;
			buildSettings = {
				ALWAYS_EMBED_SWIFT_STANDARD_LIBRARIES = YES;
				BUNDLE_LOADER = "$(TEST_HOST)";
				INFOPLIST_FILE = "Downloading Web ContentTests/Info.plist";
				LD_RUNPATH_SEARCH_PATHS = "$(inherited) @executable_path/Frameworks @loader_path/Frameworks";
				PRODUCT_BUNDLE_IDENTIFIER = "site.accolade.Downloading-Web-ContentTests";
				PRODUCT_NAME = "$(TARGET_NAME)";
				SWIFT_VERSION = 3.0;
				TEST_HOST = "$(BUILT_PRODUCTS_DIR)/Downloading Web Content.app/Downloading Web Content";
			};
			name = Debug;
		};
		16B540DB1E0F886800B7DCFD /* Release */ = {
			isa = XCBuildConfiguration;
			buildSettings = {
				ALWAYS_EMBED_SWIFT_STANDARD_LIBRARIES = YES;
				BUNDLE_LOADER = "$(TEST_HOST)";
				INFOPLIST_FILE = "Downloading Web ContentTests/Info.plist";
				LD_RUNPATH_SEARCH_PATHS = "$(inherited) @executable_path/Frameworks @loader_path/Frameworks";
				PRODUCT_BUNDLE_IDENTIFIER = "site.accolade.Downloading-Web-ContentTests";
				PRODUCT_NAME = "$(TARGET_NAME)";
				SWIFT_VERSION = 3.0;
				TEST_HOST = "$(BUILT_PRODUCTS_DIR)/Downloading Web Content.app/Downloading Web Content";
			};
			name = Release;
		};
		16B540DD1E0F886800B7DCFD /* Debug */ = {
			isa = XCBuildConfiguration;
			buildSettings = {
				ALWAYS_EMBED_SWIFT_STANDARD_LIBRARIES = YES;
				INFOPLIST_FILE = "Downloading Web ContentUITests/Info.plist";
				LD_RUNPATH_SEARCH_PATHS = "$(inherited) @executable_path/Frameworks @loader_path/Frameworks";
				PRODUCT_BUNDLE_IDENTIFIER = "site.accolade.Downloading-Web-ContentUITests";
				PRODUCT_NAME = "$(TARGET_NAME)";
				SWIFT_VERSION = 3.0;
				TEST_TARGET_NAME = "Downloading Web Content";
			};
			name = Debug;
		};
		16B540DE1E0F886800B7DCFD /* Release */ = {
			isa = XCBuildConfiguration;
			buildSettings = {
				ALWAYS_EMBED_SWIFT_STANDARD_LIBRARIES = YES;
				INFOPLIST_FILE = "Downloading Web ContentUITests/Info.plist";
				LD_RUNPATH_SEARCH_PATHS = "$(inherited) @executable_path/Frameworks @loader_path/Frameworks";
				PRODUCT_BUNDLE_IDENTIFIER = "site.accolade.Downloading-Web-ContentUITests";
				PRODUCT_NAME = "$(TARGET_NAME)";
				SWIFT_VERSION = 3.0;
				TEST_TARGET_NAME = "Downloading Web Content";
			};
			name = Release;
		};
/* End XCBuildConfiguration section */

/* Begin XCConfigurationList section */
		16B540A91E0F886800B7DCFD /* Build configuration list for PBXProject "Downloading Web Content" */ = {
			isa = XCConfigurationList;
			buildConfigurations = (
				16B540D41E0F886800B7DCFD /* Debug */,
				16B540D51E0F886800B7DCFD /* Release */,
			);
			defaultConfigurationIsVisible = 0;
			defaultConfigurationName = Release;
		};
		16B540D61E0F886800B7DCFD /* Build configuration list for PBXNativeTarget "Downloading Web Content" */ = {
			isa = XCConfigurationList;
			buildConfigurations = (
				16B540D71E0F886800B7DCFD /* Debug */,
				16B540D81E0F886800B7DCFD /* Release */,
			);
			defaultConfigurationIsVisible = 0;
			defaultConfigurationName = Release;
		};
		16B540D91E0F886800B7DCFD /* Build configuration list for PBXNativeTarget "Downloading Web ContentTests" */ = {
			isa = XCConfigurationList;
			buildConfigurations = (
				16B540DA1E0F886800B7DCFD /* Debug */,
				16B540DB1E0F886800B7DCFD /* Release */,
			);
			defaultConfigurationIsVisible = 0;
			defaultConfigurationName = Release;
		};
		16B540DC1E0F886800B7DCFD /* Build configuration list for PBXNativeTarget "Downloading Web ContentUITests" */ = {
			isa = XCConfigurationList;
			buildConfigurations = (
				16B540DD1E0F886800B7DCFD /* Debug */,
				16B540DE1E0F886800B7DCFD /* Release */,
			);
			defaultConfigurationIsVisible = 0;
			defaultConfigurationName = Release;
		};
/* End XCConfigurationList section */
	};
	rootObject = 16B540A61E0F886800B7DCFD /* Project object */;
}
