// !$*UTF8*$!
{
	archiveVersion = 1;
	classes = {
	};
	objectVersion = 46;
	objects = {

/* Begin PBXBuildFile section */
		16D0D6BE1E0B3FD2006387A2 /* icon.jpeg in Resources */ = {isa = PBXBuildFile; fileRef = 16D0D6BD1E0B3FD2006387A2 /* icon.jpeg */; };
		16D7E1BB1E0A44730044B6E9 /* AppDelegate.swift in Sources */ = {isa = PBXBuildFile; fileRef = 16D7E1BA1E0A44730044B6E9 /* AppDelegate.swift */; };
		16D7E1BD1E0A44730044B6E9 /* ViewController.swift in Sources */ = {isa = PBXBuildFile; fileRef = 16D7E1BC1E0A44730044B6E9 /* ViewController.swift */; };
		16D7E1C01E0A44730044B6E9 /* Main.storyboard in Resources */ = {isa = PBXBuildFile; fileRef = 16D7E1BE1E0A44730044B6E9 /* Main.storyboard */; };
		16D7E1C21E0A44730044B6E9 /* Assets.xcassets in Resources */ = {isa = PBXBuildFile; fileRef = 16D7E1C11E0A44730044B6E9 /* Assets.xcassets */; };
		16D7E1C51E0A44730044B6E9 /* LaunchScreen.storyboard in Resources */ = {isa = PBXBuildFile; fileRef = 16D7E1C31E0A44730044B6E9 /* LaunchScreen.storyboard */; };
		16D7E1D01E0A44730044B6E9 /* Cat_YearsTests.swift in Sources */ = {isa = PBXBuildFile; fileRef = 16D7E1CF1E0A44730044B6E9 /* Cat_YearsTests.swift */; };
		16D7E1DB1E0A44730044B6E9 /* Cat_YearsUITests.swift in Sources */ = {isa = PBXBuildFile; fileRef = 16D7E1DA1E0A44730044B6E9 /* Cat_YearsUITests.swift */; };
/* End PBXBuildFile section */

/* Begin PBXContainerItemProxy section */
		16D7E1CC1E0A44730044B6E9 /* PBXContainerItemProxy */ = {
			isa = PBXContainerItemProxy;
			containerPortal = 16D7E1AF1E0A44730044B6E9 /* Project object */;
			proxyType = 1;
			remoteGlobalIDString = 16D7E1B61E0A44730044B6E9;
			remoteInfo = "Cat Years";
		};
		16D7E1D71E0A44730044B6E9 /* PBXContainerItemProxy */ = {
			isa = PBXContainerItemProxy;
			containerPortal = 16D7E1AF1E0A44730044B6E9 /* Project object */;
			proxyType = 1;
			remoteGlobalIDString = 16D7E1B61E0A44730044B6E9;
			remoteInfo = "Cat Years";
		};
/* End PBXContainerItemProxy section */

/* Begin PBXFileReference section */
		16D0D6BD1E0B3FD2006387A2 /* icon.jpeg */ = {isa = PBXFileReference; lastKnownFileType = image.jpeg; path = icon.jpeg; sourceTree = "<group>"; };
		16D7E1B71E0A44730044B6E9 /* Cat Years.app */ = {isa = PBXFileReference; explicitFileType = wrapper.application; includeInIndex = 0; path = "Cat Years.app"; sourceTree = BUILT_PRODUCTS_DIR; };
		16D7E1BA1E0A44730044B6E9 /* AppDelegate.swift */ = {isa = PBXFileReference; lastKnownFileType = sourcecode.swift; path = AppDelegate.swift; sourceTree = "<group>"; };
		16D7E1BC1E0A44730044B6E9 /* ViewController.swift */ = {isa = PBXFileReference; lastKnownFileType = sourcecode.swift; path = ViewController.swift; sourceTree = "<group>"; };
		16D7E1BF1E0A44730044B6E9 /* Base */ = {isa = PBXFileReference; lastKnownFileType = file.storyboard; name = Base; path = Base.lproj/Main.storyboard; sourceTree = "<group>"; };
		16D7E1C11E0A44730044B6E9 /* Assets.xcassets */ = {isa = PBXFileReference; lastKnownFileType = folder.assetcatalog; path = Assets.xcassets; sourceTree = "<group>"; };
		16D7E1C41E0A44730044B6E9 /* Base */ = {isa = PBXFileReference; lastKnownFileType = file.storyboard; name = Base; path = Base.lproj/LaunchScreen.storyboard; sourceTree = "<group>"; };
		16D7E1C61E0A44730044B6E9 /* Info.plist */ = {isa = PBXFileReference; lastKnownFileType = text.plist.xml; path = Info.plist; sourceTree = "<group>"; };
		16D7E1CB1E0A44730044B6E9 /* Cat YearsTests.xctest */ = {isa = PBXFileReference; explicitFileType = wrapper.cfbundle; includeInIndex = 0; path = "Cat YearsTests.xctest"; sourceTree = BUILT_PRODUCTS_DIR; };
		16D7E1CF1E0A44730044B6E9 /* Cat_YearsTests.swift */ = {isa = PBXFileReference; lastKnownFileType = sourcecode.swift; path = Cat_YearsTests.swift; sourceTree = "<group>"; };
		16D7E1D11E0A44730044B6E9 /* Info.plist */ = {isa = PBXFileReference; lastKnownFileType = text.plist.xml; path = Info.plist; sourceTree = "<group>"; };
		16D7E1D61E0A44730044B6E9 /* Cat YearsUITests.xctest */ = {isa = PBXFileReference; explicitFileType = wrapper.cfbundle; includeInIndex = 0; path = "Cat YearsUITests.xctest"; sourceTree = BUILT_PRODUCTS_DIR; };
		16D7E1DA1E0A44730044B6E9 /* Cat_YearsUITests.swift */ = {isa = PBXFileReference; lastKnownFileType = sourcecode.swift; path = Cat_YearsUITests.swift; sourceTree = "<group>"; };
		16D7E1DC1E0A44730044B6E9 /* Info.plist */ = {isa = PBXFileReference; lastKnownFileType = text.plist.xml; path = Info.plist; sourceTree = "<group>"; };
/* End PBXFileReference section */

/* Begin PBXFrameworksBuildPhase section */
		16D7E1B41E0A44730044B6E9 /* Frameworks */ = {
			isa = PBXFrameworksBuildPhase;
			buildActionMask = 2147483647;
			files = (
			);
			runOnlyForDeploymentPostprocessing = 0;
		};
		16D7E1C81E0A44730044B6E9 /* Frameworks */ = {
			isa = PBXFrameworksBuildPhase;
			buildActionMask = 2147483647;
			files = (
			);
			runOnlyForDeploymentPostprocessing = 0;
		};
		16D7E1D31E0A44730044B6E9 /* Frameworks */ = {
			isa = PBXFrameworksBuildPhase;
			buildActionMask = 2147483647;
			files = (
			);
			runOnlyForDeploymentPostprocessing = 0;
		};
/* End PBXFrameworksBuildPhase section */

/* Begin PBXGroup section */
		16D7E1AE1E0A44730044B6E9 = {
			isa = PBXGroup;
			children = (
				16D7E1B91E0A44730044B6E9 /* Cat Years */,
				16D7E1CE1E0A44730044B6E9 /* Cat YearsTests */,
				16D7E1D91E0A44730044B6E9 /* Cat YearsUITests */,
				16D7E1B81E0A44730044B6E9 /* Products */,
			);
			sourceTree = "<group>";
		};
		16D7E1B81E0A44730044B6E9 /* Products */ = {
			isa = PBXGroup;
			children = (
				16D7E1B71E0A44730044B6E9 /* Cat Years.app */,
				16D7E1CB1E0A44730044B6E9 /* Cat YearsTests.xctest */,
				16D7E1D61E0A44730044B6E9 /* Cat YearsUITests.xctest */,
			);
			name = Products;
			sourceTree = "<group>";
		};
		16D7E1B91E0A44730044B6E9 /* Cat Years */ = {
			isa = PBXGroup;
			children = (
				16D7E1BA1E0A44730044B6E9 /* AppDelegate.swift */,
				16D7E1BC1E0A44730044B6E9 /* ViewController.swift */,
				16D7E1BE1E0A44730044B6E9 /* Main.storyboard */,
				16D7E1C11E0A44730044B6E9 /* Assets.xcassets */,
				16D0D6BD1E0B3FD2006387A2 /* icon.jpeg */,
				16D7E1C31E0A44730044B6E9 /* LaunchScreen.storyboard */,
				16D7E1C61E0A44730044B6E9 /* Info.plist */,
			);
			path = "Cat Years";
			sourceTree = "<group>";
		};
		16D7E1CE1E0A44730044B6E9 /* Cat YearsTests */ = {
			isa = PBXGroup;
			children = (
				16D7E1CF1E0A44730044B6E9 /* Cat_YearsTests.swift */,
				16D7E1D11E0A44730044B6E9 /* Info.plist */,
			);
			path = "Cat YearsTests";
			sourceTree = "<group>";
		};
		16D7E1D91E0A44730044B6E9 /* Cat YearsUITests */ = {
			isa = PBXGroup;
			children = (
				16D7E1DA1E0A44730044B6E9 /* Cat_YearsUITests.swift */,
				16D7E1DC1E0A44730044B6E9 /* Info.plist */,
			);
			path = "Cat YearsUITests";
			sourceTree = "<group>";
		};
/* End PBXGroup section */

/* Begin PBXNativeTarget section */
		16D7E1B61E0A44730044B6E9 /* Cat Years */ = {
			isa = PBXNativeTarget;
			buildConfigurationList = 16D7E1DF1E0A44730044B6E9 /* Build configuration list for PBXNativeTarget "Cat Years" */;
			buildPhases = (
				16D7E1B31E0A44730044B6E9 /* Sources */,
				16D7E1B41E0A44730044B6E9 /* Frameworks */,
				16D7E1B51E0A44730044B6E9 /* Resources */,
			);
			buildRules = (
			);
			dependencies = (
			);
			name = "Cat Years";
			productName = "Cat Years";
			productReference = 16D7E1B71E0A44730044B6E9 /* Cat Years.app */;
			productType = "com.apple.product-type.application";
		};
		16D7E1CA1E0A44730044B6E9 /* Cat YearsTests */ = {
			isa = PBXNativeTarget;
			buildConfigurationList = 16D7E1E21E0A44730044B6E9 /* Build configuration list for PBXNativeTarget "Cat YearsTests" */;
			buildPhases = (
				16D7E1C71E0A44730044B6E9 /* Sources */,
				16D7E1C81E0A44730044B6E9 /* Frameworks */,
				16D7E1C91E0A44730044B6E9 /* Resources */,
			);
			buildRules = (
			);
			dependencies = (
				16D7E1CD1E0A44730044B6E9 /* PBXTargetDependency */,
			);
			name = "Cat YearsTests";
			productName = "Cat YearsTests";
			productReference = 16D7E1CB1E0A44730044B6E9 /* Cat YearsTests.xctest */;
			productType = "com.apple.product-type.bundle.unit-test";
		};
		16D7E1D51E0A44730044B6E9 /* Cat YearsUITests */ = {
			isa = PBXNativeTarget;
			buildConfigurationList = 16D7E1E51E0A44730044B6E9 /* Build configuration list for PBXNativeTarget "Cat YearsUITests" */;
			buildPhases = (
				16D7E1D21E0A44730044B6E9 /* Sources */,
				16D7E1D31E0A44730044B6E9 /* Frameworks */,
				16D7E1D41E0A44730044B6E9 /* Resources */,
			);
			buildRules = (
			);
			dependencies = (
				16D7E1D81E0A44730044B6E9 /* PBXTargetDependency */,
			);
			name = "Cat YearsUITests";
			productName = "Cat YearsUITests";
			productReference = 16D7E1D61E0A44730044B6E9 /* Cat YearsUITests.xctest */;
			productType = "com.apple.product-type.bundle.ui-testing";
		};
/* End PBXNativeTarget section */

/* Begin PBXProject section */
		16D7E1AF1E0A44730044B6E9 /* Project object */ = {
			isa = PBXProject;
			attributes = {
				LastSwiftUpdateCheck = 0820;
				LastUpgradeCheck = 0820;
				ORGANIZATIONNAME = Accolade;
				TargetAttributes = {
					16D7E1B61E0A44730044B6E9 = {
						CreatedOnToolsVersion = 8.2;
						ProvisioningStyle = Automatic;
					};
					16D7E1CA1E0A44730044B6E9 = {
						CreatedOnToolsVersion = 8.2;
						ProvisioningStyle = Automatic;
						TestTargetID = 16D7E1B61E0A44730044B6E9;
					};
					16D7E1D51E0A44730044B6E9 = {
						CreatedOnToolsVersion = 8.2;
						ProvisioningStyle = Automatic;
						TestTargetID = 16D7E1B61E0A44730044B6E9;
					};
				};
			};
			buildConfigurationList = 16D7E1B21E0A44730044B6E9 /* Build configuration list for PBXProject "Cat Years" */;
			compatibilityVersion = "Xcode 3.2";
			developmentRegion = English;
			hasScannedForEncodings = 0;
			knownRegions = (
				en,
				Base,
			);
			mainGroup = 16D7E1AE1E0A44730044B6E9;
			productRefGroup = 16D7E1B81E0A44730044B6E9 /* Products */;
			projectDirPath = "";
			projectRoot = "";
			targets = (
				16D7E1B61E0A44730044B6E9 /* Cat Years */,
				16D7E1CA1E0A44730044B6E9 /* Cat YearsTests */,
				16D7E1D51E0A44730044B6E9 /* Cat YearsUITests */,
			);
		};
/* End PBXProject section */

/* Begin PBXResourcesBuildPhase section */
		16D7E1B51E0A44730044B6E9 /* Resources */ = {
			isa = PBXResourcesBuildPhase;
			buildActionMask = 2147483647;
			files = (
				16D7E1C51E0A44730044B6E9 /* LaunchScreen.storyboard in Resources */,
				16D7E1C21E0A44730044B6E9 /* Assets.xcassets in Resources */,
				16D0D6BE1E0B3FD2006387A2 /* icon.jpeg in Resources */,
				16D7E1C01E0A44730044B6E9 /* Main.storyboard in Resources */,
			);
			runOnlyForDeploymentPostprocessing = 0;
		};
		16D7E1C91E0A44730044B6E9 /* Resources */ = {
			isa = PBXResourcesBuildPhase;
			buildActionMask = 2147483647;
			files = (
			);
			runOnlyForDeploymentPostprocessing = 0;
		};
		16D7E1D41E0A44730044B6E9 /* Resources */ = {
			isa = PBXResourcesBuildPhase;
			buildActionMask = 2147483647;
			files = (
			);
			runOnlyForDeploymentPostprocessing = 0;
		};
/* End PBXResourcesBuildPhase section */

/* Begin PBXSourcesBuildPhase section */
		16D7E1B31E0A44730044B6E9 /* Sources */ = {
			isa = PBXSourcesBuildPhase;
			buildActionMask = 2147483647;
			files = (
				16D7E1BD1E0A44730044B6E9 /* ViewController.swift in Sources */,
				16D7E1BB1E0A44730044B6E9 /* AppDelegate.swift in Sources */,
			);
			runOnlyForDeploymentPostprocessing = 0;
		};
		16D7E1C71E0A44730044B6E9 /* Sources */ = {
			isa = PBXSourcesBuildPhase;
			buildActionMask = 2147483647;
			files = (
				16D7E1D01E0A44730044B6E9 /* Cat_YearsTests.swift in Sources */,
			);
			runOnlyForDeploymentPostprocessing = 0;
		};
		16D7E1D21E0A44730044B6E9 /* Sources */ = {
			isa = PBXSourcesBuildPhase;
			buildActionMask = 2147483647;
			files = (
				16D7E1DB1E0A44730044B6E9 /* Cat_YearsUITests.swift in Sources */,
			);
			runOnlyForDeploymentPostprocessing = 0;
		};
/* End PBXSourcesBuildPhase section */

/* Begin PBXTargetDependency section */
		16D7E1CD1E0A44730044B6E9 /* PBXTargetDependency */ = {
			isa = PBXTargetDependency;
			target = 16D7E1B61E0A44730044B6E9 /* Cat Years */;
			targetProxy = 16D7E1CC1E0A44730044B6E9 /* PBXContainerItemProxy */;
		};
		16D7E1D81E0A44730044B6E9 /* PBXTargetDependency */ = {
			isa = PBXTargetDependency;
			target = 16D7E1B61E0A44730044B6E9 /* Cat Years */;
			targetProxy = 16D7E1D71E0A44730044B6E9 /* PBXContainerItemProxy */;
		};
/* End PBXTargetDependency section */

/* Begin PBXVariantGroup section */
		16D7E1BE1E0A44730044B6E9 /* Main.storyboard */ = {
			isa = PBXVariantGroup;
			children = (
				16D7E1BF1E0A44730044B6E9 /* Base */,
			);
			name = Main.storyboard;
			sourceTree = "<group>";
		};
		16D7E1C31E0A44730044B6E9 /* LaunchScreen.storyboard */ = {
			isa = PBXVariantGroup;
			children = (
				16D7E1C41E0A44730044B6E9 /* Base */,
			);
			name = LaunchScreen.storyboard;
			sourceTree = "<group>";
		};
/* End PBXVariantGroup section */

/* Begin XCBuildConfiguration section */
		16D7E1DD1E0A44730044B6E9 /* Debug */ = {
			isa = XCBuildConfiguration;
			buildSettings = {
				ALWAYS_SEARCH_USER_PATHS = NO;
				CLANG_ANALYZER_NONNULL = YES;
				CLANG_CXX_LANGUAGE_STANDARD = "gnu++0x";
				CLANG_CXX_LIBRARY = "libc++";
				CLANG_ENABLE_MODULES = YES;
				CLANG_ENABLE_OBJC_ARC = YES;
				CLANG_WARN_BOOL_CONVERSION = YES;
				CLANG_WARN_CONSTANT_CONVERSION = YES;
				CLANG_WARN_DIRECT_OBJC_ISA_USAGE = YES_ERROR;
				CLANG_WARN_DOCUMENTATION_COMMENTS = YES;
				CLANG_WARN_EMPTY_BODY = YES;
				CLANG_WARN_ENUM_CONVERSION = YES;
				CLANG_WARN_INFINITE_RECURSION = YES;
				CLANG_WARN_INT_CONVERSION = YES;
				CLANG_WARN_OBJC_ROOT_CLASS = YES_ERROR;
				CLANG_WARN_SUSPICIOUS_MOVE = YES;
				CLANG_WARN_UNREACHABLE_CODE = YES;
				CLANG_WARN__DUPLICATE_METHOD_MATCH = YES;
				"CODE_SIGN_IDENTITY[sdk=iphoneos*]" = "iPhone Developer";
				COPY_PHASE_STRIP = NO;
				DEBUG_INFORMATION_FORMAT = dwarf;
				ENABLE_STRICT_OBJC_MSGSEND = YES;
				ENABLE_TESTABILITY = YES;
				GCC_C_LANGUAGE_STANDARD = gnu99;
				GCC_DYNAMIC_NO_PIC = NO;
				GCC_NO_COMMON_BLOCKS = YES;
				GCC_OPTIMIZATION_LEVEL = 0;
				GCC_PREPROCESSOR_DEFINITIONS = (
					"DEBUG=1",
					"$(inherited)",
				);
				GCC_WARN_64_TO_32_BIT_CONVERSION = YES;
				GCC_WARN_ABOUT_RETURN_TYPE = YES_ERROR;
				GCC_WARN_UNDECLARED_SELECTOR = YES;
				GCC_WARN_UNINITIALIZED_AUTOS = YES_AGGRESSIVE;
				GCC_WARN_UNUSED_FUNCTION = YES;
				GCC_WARN_UNUSED_VARIABLE = YES;
				IPHONEOS_DEPLOYMENT_TARGET = 10.2;
				MTL_ENABLE_DEBUG_INFO = YES;
				ONLY_ACTIVE_ARCH = YES;
				SDKROOT = iphoneos;
				SWIFT_ACTIVE_COMPILATION_CONDITIONS = DEBUG;
				SWIFT_OPTIMIZATION_LEVEL = "-Onone";
			};
			name = Debug;
		};
		16D7E1DE1E0A44730044B6E9 /* Release */ = {
			isa = XCBuildConfiguration;
			buildSettings = {
				ALWAYS_SEARCH_USER_PATHS = NO;
				CLANG_ANALYZER_NONNULL = YES;
				CLANG_CXX_LANGUAGE_STANDARD = "gnu++0x";
				CLANG_CXX_LIBRARY = "libc++";
				CLANG_ENABLE_MODULES = YES;
				CLANG_ENABLE_OBJC_ARC = YES;
				CLANG_WARN_BOOL_CONVERSION = YES;
				CLANG_WARN_CONSTANT_CONVERSION = YES;
				CLANG_WARN_DIRECT_OBJC_ISA_USAGE = YES_ERROR;
				CLANG_WARN_DOCUMENTATION_COMMENTS = YES;
				CLANG_WARN_EMPTY_BODY = YES;
				CLANG_WARN_ENUM_CONVERSION = YES;
				CLANG_WARN_INFINITE_RECURSION = YES;
				CLANG_WARN_INT_CONVERSION = YES;
				CLANG_WARN_OBJC_ROOT_CLASS = YES_ERROR;
				CLANG_WARN_SUSPICIOUS_MOVE = YES;
				CLANG_WARN_UNREACHABLE_CODE = YES;
				CLANG_WARN__DUPLICATE_METHOD_MATCH = YES;
				"CODE_SIGN_IDENTITY[sdk=iphoneos*]" = "iPhone Developer";
				COPY_PHASE_STRIP = NO;
				DEBUG_INFORMATION_FORMAT = "dwarf-with-dsym";
				ENABLE_NS_ASSERTIONS = NO;
				ENABLE_STRICT_OBJC_MSGSEND = YES;
				GCC_C_LANGUAGE_STANDARD = gnu99;
				GCC_NO_COMMON_BLOCKS = YES;
				GCC_WARN_64_TO_32_BIT_CONVERSION = YES;
				GCC_WARN_ABOUT_RETURN_TYPE = YES_ERROR;
				GCC_WARN_UNDECLARED_SELECTOR = YES;
				GCC_WARN_UNINITIALIZED_AUTOS = YES_AGGRESSIVE;
				GCC_WARN_UNUSED_FUNCTION = YES;
				GCC_WARN_UNUSED_VARIABLE = YES;
				IPHONEOS_DEPLOYMENT_TARGET = 10.2;
				MTL_ENABLE_DEBUG_INFO = NO;
				SDKROOT = iphoneos;
				SWIFT_OPTIMIZATION_LEVEL = "-Owholemodule";
				VALIDATE_PRODUCT = YES;
			};
			name = Release;
		};
		16D7E1E01E0A44730044B6E9 /* Debug */ = {
			isa = XCBuildConfiguration;
			buildSettings = {
				ASSETCATALOG_COMPILER_APPICON_NAME = AppIcon;
				INFOPLIST_FILE = "Cat Years/Info.plist";
				LD_RUNPATH_SEARCH_PATHS = "$(inherited) @executable_path/Frameworks";
				PRODUCT_BUNDLE_IDENTIFIER = "site.accolade.Cat-Years";
				PRODUCT_NAME = "$(TARGET_NAME)";
				SWIFT_VERSION = 3.0;
			};
			name = Debug;
		};
		16D7E1E11E0A44730044B6E9 /* Release */ = {
			isa = XCBuildConfiguration;
			buildSettings = {
				ASSETCATALOG_COMPILER_APPICON_NAME = AppIcon;
				INFOPLIST_FILE = "Cat Years/Info.plist";
				LD_RUNPATH_SEARCH_PATHS = "$(inherited) @executable_path/Frameworks";
				PRODUCT_BUNDLE_IDENTIFIER = "site.accolade.Cat-Years";
				PRODUCT_NAME = "$(TARGET_NAME)";
				SWIFT_VERSION = 3.0;
			};
			name = Release;
		};
		16D7E1E31E0A44730044B6E9 /* Debug */ = {
			isa = XCBuildConfiguration;
			buildSettings = {
				ALWAYS_EMBED_SWIFT_STANDARD_LIBRARIES = YES;
				BUNDLE_LOADER = "$(TEST_HOST)";
				INFOPLIST_FILE = "Cat YearsTests/Info.plist";
				LD_RUNPATH_SEARCH_PATHS = "$(inherited) @executable_path/Frameworks @loader_path/Frameworks";
				PRODUCT_BUNDLE_IDENTIFIER = "site.accolade.Cat-YearsTests";
				PRODUCT_NAME = "$(TARGET_NAME)";
				SWIFT_VERSION = 3.0;
				TEST_HOST = "$(BUILT_PRODUCTS_DIR)/Cat Years.app/Cat Years";
			};
			name = Debug;
		};
		16D7E1E41E0A44730044B6E9 /* Release */ = {
			isa = XCBuildConfiguration;
			buildSettings = {
				ALWAYS_EMBED_SWIFT_STANDARD_LIBRARIES = YES;
				BUNDLE_LOADER = "$(TEST_HOST)";
				INFOPLIST_FILE = "Cat YearsTests/Info.plist";
				LD_RUNPATH_SEARCH_PATHS = "$(inherited) @executable_path/Frameworks @loader_path/Frameworks";
				PRODUCT_BUNDLE_IDENTIFIER = "site.accolade.Cat-YearsTests";
				PRODUCT_NAME = "$(TARGET_NAME)";
				SWIFT_VERSION = 3.0;
				TEST_HOST = "$(BUILT_PRODUCTS_DIR)/Cat Years.app/Cat Years";
			};
			name = Release;
		};
		16D7E1E61E0A44730044B6E9 /* Debug */ = {
			isa = XCBuildConfiguration;
			buildSettings = {
				ALWAYS_EMBED_SWIFT_STANDARD_LIBRARIES = YES;
				INFOPLIST_FILE = "Cat YearsUITests/Info.plist";
				LD_RUNPATH_SEARCH_PATHS = "$(inherited) @executable_path/Frameworks @loader_path/Frameworks";
				PRODUCT_BUNDLE_IDENTIFIER = "site.accolade.Cat-YearsUITests";
				PRODUCT_NAME = "$(TARGET_NAME)";
				SWIFT_VERSION = 3.0;
				TEST_TARGET_NAME = "Cat Years";
			};
			name = Debug;
		};
		16D7E1E71E0A44730044B6E9 /* Release */ = {
			isa = XCBuildConfiguration;
			buildSettings = {
				ALWAYS_EMBED_SWIFT_STANDARD_LIBRARIES = YES;
				INFOPLIST_FILE = "Cat YearsUITests/Info.plist";
				LD_RUNPATH_SEARCH_PATHS = "$(inherited) @executable_path/Frameworks @loader_path/Frameworks";
				PRODUCT_BUNDLE_IDENTIFIER = "site.accolade.Cat-YearsUITests";
				PRODUCT_NAME = "$(TARGET_NAME)";
				SWIFT_VERSION = 3.0;
				TEST_TARGET_NAME = "Cat Years";
			};
			name = Release;
		};
/* End XCBuildConfiguration section */

/* Begin XCConfigurationList section */
		16D7E1B21E0A44730044B6E9 /* Build configuration list for PBXProject "Cat Years" */ = {
			isa = XCConfigurationList;
			buildConfigurations = (
				16D7E1DD1E0A44730044B6E9 /* Debug */,
				16D7E1DE1E0A44730044B6E9 /* Release */,
			);
			defaultConfigurationIsVisible = 0;
			defaultConfigurationName = Release;
		};
		16D7E1DF1E0A44730044B6E9 /* Build configuration list for PBXNativeTarget "Cat Years" */ = {
			isa = XCConfigurationList;
			buildConfigurations = (
				16D7E1E01E0A44730044B6E9 /* Debug */,
				16D7E1E11E0A44730044B6E9 /* Release */,
			);
			defaultConfigurationIsVisible = 0;
			defaultConfigurationName = Release;
		};
		16D7E1E21E0A44730044B6E9 /* Build configuration list for PBXNativeTarget "Cat YearsTests" */ = {
			isa = XCConfigurationList;
			buildConfigurations = (
				16D7E1E31E0A44730044B6E9 /* Debug */,
				16D7E1E41E0A44730044B6E9 /* Release */,
			);
			defaultConfigurationIsVisible = 0;
			defaultConfigurationName = Release;
		};
		16D7E1E51E0A44730044B6E9 /* Build configuration list for PBXNativeTarget "Cat YearsUITests" */ = {
			isa = XCConfigurationList;
			buildConfigurations = (
				16D7E1E61E0A44730044B6E9 /* Debug */,
				16D7E1E71E0A44730044B6E9 /* Release */,
			);
			defaultConfigurationIsVisible = 0;
			defaultConfigurationName = Release;
		};
/* End XCConfigurationList section */
	};
	rootObject = 16D7E1AF1E0A44730044B6E9 /* Project object */;
}
