// !$*UTF8*$!
{
	archiveVersion = 1;
	classes = {
	};
	objectVersion = 46;
	objects = {

/* Begin PBXBuildFile section */
		16FDE1B61EDA285F00983B9B /* AppDelegate.swift in Sources */ = {isa = PBXBuildFile; fileRef = 16FDE1B51EDA285F00983B9B /* AppDelegate.swift */; };
		16FDE1B91EDA285F00983B9B /* Blog_Reader.xcdatamodeld in Sources */ = {isa = PBXBuildFile; fileRef = 16FDE1B71EDA285F00983B9B /* Blog_Reader.xcdatamodeld */; };
		16FDE1BB1EDA285F00983B9B /* MasterViewController.swift in Sources */ = {isa = PBXBuildFile; fileRef = 16FDE1BA1EDA285F00983B9B /* MasterViewController.swift */; };
		16FDE1BD1EDA285F00983B9B /* DetailViewController.swift in Sources */ = {isa = PBXBuildFile; fileRef = 16FDE1BC1EDA285F00983B9B /* DetailViewController.swift */; };
		16FDE1C01EDA285F00983B9B /* Main.storyboard in Resources */ = {isa = PBXBuildFile; fileRef = 16FDE1BE1EDA285F00983B9B /* Main.storyboard */; };
		16FDE1C21EDA285F00983B9B /* Assets.xcassets in Resources */ = {isa = PBXBuildFile; fileRef = 16FDE1C11EDA285F00983B9B /* Assets.xcassets */; };
		16FDE1C51EDA285F00983B9B /* LaunchScreen.storyboard in Resources */ = {isa = PBXBuildFile; fileRef = 16FDE1C31EDA285F00983B9B /* LaunchScreen.storyboard */; };
		16FDE1CD1EDA28A100983B9B /* readme.md in Sources */ = {isa = PBXBuildFile; fileRef = 16FDE1CC1EDA28A100983B9B /* readme.md */; };
		16FDE1D01EDABD0A00983B9B /* one.png in Resources */ = {isa = PBXBuildFile; fileRef = 16FDE1CE1EDABD0A00983B9B /* one.png */; };
		16FDE1D11EDABD0A00983B9B /* two.png in Resources */ = {isa = PBXBuildFile; fileRef = 16FDE1CF1EDABD0A00983B9B /* two.png */; };
/* End PBXBuildFile section */

/* Begin PBXFileReference section */
		16FDE1B21EDA285F00983B9B /* Blog Reader.app */ = {isa = PBXFileReference; explicitFileType = wrapper.application; includeInIndex = 0; path = "Blog Reader.app"; sourceTree = BUILT_PRODUCTS_DIR; };
		16FDE1B51EDA285F00983B9B /* AppDelegate.swift */ = {isa = PBXFileReference; lastKnownFileType = sourcecode.swift; path = AppDelegate.swift; sourceTree = "<group>"; };
		16FDE1B81EDA285F00983B9B /* Blog_Reader.xcdatamodel */ = {isa = PBXFileReference; lastKnownFileType = wrapper.xcdatamodel; path = Blog_Reader.xcdatamodel; sourceTree = "<group>"; };
		16FDE1BA1EDA285F00983B9B /* MasterViewController.swift */ = {isa = PBXFileReference; lastKnownFileType = sourcecode.swift; path = MasterViewController.swift; sourceTree = "<group>"; };
		16FDE1BC1EDA285F00983B9B /* DetailViewController.swift */ = {isa = PBXFileReference; lastKnownFileType = sourcecode.swift; path = DetailViewController.swift; sourceTree = "<group>"; };
		16FDE1BF1EDA285F00983B9B /* Base */ = {isa = PBXFileReference; lastKnownFileType = file.storyboard; name = Base; path = Base.lproj/Main.storyboard; sourceTree = "<group>"; };
		16FDE1C11EDA285F00983B9B /* Assets.xcassets */ = {isa = PBXFileReference; lastKnownFileType = folder.assetcatalog; path = Assets.xcassets; sourceTree = "<group>"; };
		16FDE1C41EDA285F00983B9B /* Base */ = {isa = PBXFileReference; lastKnownFileType = file.storyboard; name = Base; path = Base.lproj/LaunchScreen.storyboard; sourceTree = "<group>"; };
		16FDE1C61EDA285F00983B9B /* Info.plist */ = {isa = PBXFileReference; lastKnownFileType = text.plist.xml; path = Info.plist; sourceTree = "<group>"; };
		16FDE1CC1EDA28A100983B9B /* readme.md */ = {isa = PBXFileReference; fileEncoding = 4; lastKnownFileType = net.daringfireball.markdown; path = readme.md; sourceTree = "<group>"; };
		16FDE1CE1EDABD0A00983B9B /* one.png */ = {isa = PBXFileReference; lastKnownFileType = image.png; path = one.png; sourceTree = "<group>"; };
		16FDE1CF1EDABD0A00983B9B /* two.png */ = {isa = PBXFileReference; lastKnownFileType = image.png; path = two.png; sourceTree = "<group>"; };
/* End PBXFileReference section */

/* Begin PBXFrameworksBuildPhase section */
		16FDE1AF1EDA285F00983B9B /* Frameworks */ = {
			isa = PBXFrameworksBuildPhase;
			buildActionMask = 2147483647;
			files = (
			);
			runOnlyForDeploymentPostprocessing = 0;
		};
/* End PBXFrameworksBuildPhase section */

/* Begin PBXGroup section */
		16FDE1A91EDA285F00983B9B = {
			isa = PBXGroup;
			children = (
				16FDE1CE1EDABD0A00983B9B /* one.png */,
				16FDE1CF1EDABD0A00983B9B /* two.png */,
				16FDE1CC1EDA28A100983B9B /* readme.md */,
				16FDE1B41EDA285F00983B9B /* Blog Reader */,
				16FDE1B31EDA285F00983B9B /* Products */,
			);
			sourceTree = "<group>";
		};
		16FDE1B31EDA285F00983B9B /* Products */ = {
			isa = PBXGroup;
			children = (
				16FDE1B21EDA285F00983B9B /* Blog Reader.app */,
			);
			name = Products;
			sourceTree = "<group>";
		};
		16FDE1B41EDA285F00983B9B /* Blog Reader */ = {
			isa = PBXGroup;
			children = (
				16FDE1B51EDA285F00983B9B /* AppDelegate.swift */,
				16FDE1BA1EDA285F00983B9B /* MasterViewController.swift */,
				16FDE1BC1EDA285F00983B9B /* DetailViewController.swift */,
				16FDE1BE1EDA285F00983B9B /* Main.storyboard */,
				16FDE1C11EDA285F00983B9B /* Assets.xcassets */,
				16FDE1C31EDA285F00983B9B /* LaunchScreen.storyboard */,
				16FDE1C61EDA285F00983B9B /* Info.plist */,
				16FDE1B71EDA285F00983B9B /* Blog_Reader.xcdatamodeld */,
			);
			path = "Blog Reader";
			sourceTree = "<group>";
		};
/* End PBXGroup section */

/* Begin PBXNativeTarget section */
		16FDE1B11EDA285F00983B9B /* Blog Reader */ = {
			isa = PBXNativeTarget;
			buildConfigurationList = 16FDE1C91EDA285F00983B9B /* Build configuration list for PBXNativeTarget "Blog Reader" */;
			buildPhases = (
				16FDE1AE1EDA285F00983B9B /* Sources */,
				16FDE1AF1EDA285F00983B9B /* Frameworks */,
				16FDE1B01EDA285F00983B9B /* Resources */,
			);
			buildRules = (
			);
			dependencies = (
			);
			name = "Blog Reader";
			productName = "Blog Reader";
			productReference = 16FDE1B21EDA285F00983B9B /* Blog Reader.app */;
			productType = "com.apple.product-type.application";
		};
/* End PBXNativeTarget section */

/* Begin PBXProject section */
		16FDE1AA1EDA285F00983B9B /* Project object */ = {
			isa = PBXProject;
			attributes = {
				LastSwiftUpdateCheck = 0830;
				LastUpgradeCheck = 0830;
				ORGANIZATIONNAME = accolade;
				TargetAttributes = {
					16FDE1B11EDA285F00983B9B = {
						CreatedOnToolsVersion = 8.3.2;
						DevelopmentTeam = TL7B359NPC;
						ProvisioningStyle = Automatic;
					};
				};
			};
			buildConfigurationList = 16FDE1AD1EDA285F00983B9B /* Build configuration list for PBXProject "Blog Reader" */;
			compatibilityVersion = "Xcode 3.2";
			developmentRegion = English;
			hasScannedForEncodings = 0;
			knownRegions = (
				en,
				Base,
			);
			mainGroup = 16FDE1A91EDA285F00983B9B;
			productRefGroup = 16FDE1B31EDA285F00983B9B /* Products */;
			projectDirPath = "";
			projectRoot = "";
			targets = (
				16FDE1B11EDA285F00983B9B /* Blog Reader */,
			);
		};
/* End PBXProject section */

/* Begin PBXResourcesBuildPhase section */
		16FDE1B01EDA285F00983B9B /* Resources */ = {
			isa = PBXResourcesBuildPhase;
			buildActionMask = 2147483647;
			files = (
				16FDE1D01EDABD0A00983B9B /* one.png in Resources */,
				16FDE1C51EDA285F00983B9B /* LaunchScreen.storyboard in Resources */,
				16FDE1C21EDA285F00983B9B /* Assets.xcassets in Resources */,
				16FDE1D11EDABD0A00983B9B /* two.png in Resources */,
				16FDE1C01EDA285F00983B9B /* Main.storyboard in Resources */,
			);
			runOnlyForDeploymentPostprocessing = 0;
		};
/* End PBXResourcesBuildPhase section */

/* Begin PBXSourcesBuildPhase section */
		16FDE1AE1EDA285F00983B9B /* Sources */ = {
			isa = PBXSourcesBuildPhase;
			buildActionMask = 2147483647;
			files = (
				16FDE1B91EDA285F00983B9B /* Blog_Reader.xcdatamodeld in Sources */,
				16FDE1B61EDA285F00983B9B /* AppDelegate.swift in Sources */,
				16FDE1BB1EDA285F00983B9B /* MasterViewController.swift in Sources */,
				16FDE1CD1EDA28A100983B9B /* readme.md in Sources */,
				16FDE1BD1EDA285F00983B9B /* DetailViewController.swift in Sources */,
			);
			runOnlyForDeploymentPostprocessing = 0;
		};
/* End PBXSourcesBuildPhase section */

/* Begin PBXVariantGroup section */
		16FDE1BE1EDA285F00983B9B /* Main.storyboard */ = {
			isa = PBXVariantGroup;
			children = (
				16FDE1BF1EDA285F00983B9B /* Base */,
			);
			name = Main.storyboard;
			sourceTree = "<group>";
		};
		16FDE1C31EDA285F00983B9B /* LaunchScreen.storyboard */ = {
			isa = PBXVariantGroup;
			children = (
				16FDE1C41EDA285F00983B9B /* Base */,
			);
			name = LaunchScreen.storyboard;
			sourceTree = "<group>";
		};
/* End PBXVariantGroup section */

/* Begin XCBuildConfiguration section */
		16FDE1C71EDA285F00983B9B /* Debug */ = {
			isa = XCBuildConfiguration;
			buildSettings = {
				ALWAYS_SEARCH_USER_PATHS = NO;
				CLANG_ANALYZER_NONNULL = YES;
				CLANG_ANALYZER_NUMBER_OBJECT_CONVERSION = YES_AGGRESSIVE;
				CLANG_CXX_LANGUAGE_STANDARD = "gnu++0x";
				CLANG_CXX_LIBRARY = "libc++";
				CLANG_ENABLE_MODULES = YES;
				CLANG_ENABLE_OBJC_ARC = YES;
				CLANG_WARN_BOOL_CONVERSION = YES;
				CLANG_WARN_CONSTANT_CONVERSION = YES;
				CLANG_WARN_DIRECT_OBJC_ISA_USAGE = YES_ERROR;
				CLANG_WARN_DOCUMENTATION_COMMENTS = YES;
				CLANG_WARN_EMPTY_BODY = YES;
				CLANG_WARN_ENUM_CONVERSION = YES;
				CLANG_WARN_INFINITE_RECURSION = YES;
				CLANG_WARN_INT_CONVERSION = YES;
				CLANG_WARN_OBJC_ROOT_CLASS = YES_ERROR;
				CLANG_WARN_SUSPICIOUS_MOVE = YES;
				CLANG_WARN_UNREACHABLE_CODE = YES;
				CLANG_WARN__DUPLICATE_METHOD_MATCH = YES;
				"CODE_SIGN_IDENTITY[sdk=iphoneos*]" = "iPhone Developer";
				COPY_PHASE_STRIP = NO;
				DEBUG_INFORMATION_FORMAT = dwarf;
				ENABLE_STRICT_OBJC_MSGSEND = YES;
				ENABLE_TESTABILITY = YES;
				GCC_C_LANGUAGE_STANDARD = gnu99;
				GCC_DYNAMIC_NO_PIC = NO;
				GCC_NO_COMMON_BLOCKS = YES;
				GCC_OPTIMIZATION_LEVEL = 0;
				GCC_PREPROCESSOR_DEFINITIONS = (
					"DEBUG=1",
					"$(inherited)",
				);
				GCC_WARN_64_TO_32_BIT_CONVERSION = YES;
				GCC_WARN_ABOUT_RETURN_TYPE = YES_ERROR;
				GCC_WARN_UNDECLARED_SELECTOR = YES;
				GCC_WARN_UNINITIALIZED_AUTOS = YES_AGGRESSIVE;
				GCC_WARN_UNUSED_FUNCTION = YES;
				GCC_WARN_UNUSED_VARIABLE = YES;
				IPHONEOS_DEPLOYMENT_TARGET = 10.3;
				MTL_ENABLE_DEBUG_INFO = YES;
				ONLY_ACTIVE_ARCH = YES;
				SDKROOT = iphoneos;
				SWIFT_ACTIVE_COMPILATION_CONDITIONS = DEBUG;
				SWIFT_OPTIMIZATION_LEVEL = "-Onone";
			};
			name = Debug;
		};
		16FDE1C81EDA285F00983B9B /* Release */ = {
			isa = XCBuildConfiguration;
			buildSettings = {
				ALWAYS_SEARCH_USER_PATHS = NO;
				CLANG_ANALYZER_NONNULL = YES;
				CLANG_ANALYZER_NUMBER_OBJECT_CONVERSION = YES_AGGRESSIVE;
				CLANG_CXX_LANGUAGE_STANDARD = "gnu++0x";
				CLANG_CXX_LIBRARY = "libc++";
				CLANG_ENABLE_MODULES = YES;
				CLANG_ENABLE_OBJC_ARC = YES;
				CLANG_WARN_BOOL_CONVERSION = YES;
				CLANG_WARN_CONSTANT_CONVERSION = YES;
				CLANG_WARN_DIRECT_OBJC_ISA_USAGE = YES_ERROR;
				CLANG_WARN_DOCUMENTATION_COMMENTS = YES;
				CLANG_WARN_EMPTY_BODY = YES;
				CLANG_WARN_ENUM_CONVERSION = YES;
				CLANG_WARN_INFINITE_RECURSION = YES;
				CLANG_WARN_INT_CONVERSION = YES;
				CLANG_WARN_OBJC_ROOT_CLASS = YES_ERROR;
				CLANG_WARN_SUSPICIOUS_MOVE = YES;
				CLANG_WARN_UNREACHABLE_CODE = YES;
				CLANG_WARN__DUPLICATE_METHOD_MATCH = YES;
				"CODE_SIGN_IDENTITY[sdk=iphoneos*]" = "iPhone Developer";
				COPY_PHASE_STRIP = NO;
				DEBUG_INFORMATION_FORMAT = "dwarf-with-dsym";
				ENABLE_NS_ASSERTIONS = NO;
				ENABLE_STRICT_OBJC_MSGSEND = YES;
				GCC_C_LANGUAGE_STANDARD = gnu99;
				GCC_NO_COMMON_BLOCKS = YES;
				GCC_WARN_64_TO_32_BIT_CONVERSION = YES;
				GCC_WARN_ABOUT_RETURN_TYPE = YES_ERROR;
				GCC_WARN_UNDECLARED_SELECTOR = YES;
				GCC_WARN_UNINITIALIZED_AUTOS = YES_AGGRESSIVE;
				GCC_WARN_UNUSED_FUNCTION = YES;
				GCC_WARN_UNUSED_VARIABLE = YES;
				IPHONEOS_DEPLOYMENT_TARGET = 10.3;
				MTL_ENABLE_DEBUG_INFO = NO;
				SDKROOT = iphoneos;
				SWIFT_OPTIMIZATION_LEVEL = "-Owholemodule";
				VALIDATE_PRODUCT = YES;
			};
			name = Release;
		};
		16FDE1CA1EDA285F00983B9B /* Debug */ = {
			isa = XCBuildConfiguration;
			buildSettings = {
				ASSETCATALOG_COMPILER_APPICON_NAME = AppIcon;
				DEVELOPMENT_TEAM = TL7B359NPC;
				INFOPLIST_FILE = "Blog Reader/Info.plist";
				LD_RUNPATH_SEARCH_PATHS = "$(inherited) @executable_path/Frameworks";
				PRODUCT_BUNDLE_IDENTIFIER = "site.accolade.Blog-Reader";
				PRODUCT_NAME = "$(TARGET_NAME)";
				SWIFT_VERSION = 3.0;
			};
			name = Debug;
		};
		16FDE1CB1EDA285F00983B9B /* Release */ = {
			isa = XCBuildConfiguration;
			buildSettings = {
				ASSETCATALOG_COMPILER_APPICON_NAME = AppIcon;
				DEVELOPMENT_TEAM = TL7B359NPC;
				INFOPLIST_FILE = "Blog Reader/Info.plist";
				LD_RUNPATH_SEARCH_PATHS = "$(inherited) @executable_path/Frameworks";
				PRODUCT_BUNDLE_IDENTIFIER = "site.accolade.Blog-Reader";
				PRODUCT_NAME = "$(TARGET_NAME)";
				SWIFT_VERSION = 3.0;
			};
			name = Release;
		};
/* End XCBuildConfiguration section */

/* Begin XCConfigurationList section */
		16FDE1AD1EDA285F00983B9B /* Build configuration list for PBXProject "Blog Reader" */ = {
			isa = XCConfigurationList;
			buildConfigurations = (
				16FDE1C71EDA285F00983B9B /* Debug */,
				16FDE1C81EDA285F00983B9B /* Release */,
			);
			defaultConfigurationIsVisible = 0;
			defaultConfigurationName = Release;
		};
		16FDE1C91EDA285F00983B9B /* Build configuration list for PBXNativeTarget "Blog Reader" */ = {
			isa = XCConfigurationList;
			buildConfigurations = (
				16FDE1CA1EDA285F00983B9B /* Debug */,
				16FDE1CB1EDA285F00983B9B /* Release */,
			);
			defaultConfigurationIsVisible = 0;
		};
/* End XCConfigurationList section */

/* Begin XCVersionGroup section */
		16FDE1B71EDA285F00983B9B /* Blog_Reader.xcdatamodeld */ = {
			isa = XCVersionGroup;
			children = (
				16FDE1B81EDA285F00983B9B /* Blog_Reader.xcdatamodel */,
			);
			currentVersion = 16FDE1B81EDA285F00983B9B /* Blog_Reader.xcdatamodel */;
			path = Blog_Reader.xcdatamodeld;
			sourceTree = "<group>";
			versionGroupType = wrapper.xcdatamodel;
		};
/* End XCVersionGroup section */
	};
	rootObject = 16FDE1AA1EDA285F00983B9B /* Project object */;
}
